
Microsoft Visual Studio Solution File, Format Version 12.00
Project("{FAE04EC0-301F-11D3-BF4B-00C04F79EFBC}") = "WebApi", "src\WebApi\WebApi.csproj", "{110B6EC5-7C8B-434F-A85E-90486998BB11}"
EndProject
Project("{FAE04EC0-301F-11D3-BF4B-00C04F79EFBC}") = "WebApi.Test", "test\WebApi.Test\WebApi.Test.csproj", "{75421D47-2EF4-46FA-B6AE-6F3D4E1F1D71}"
EndProject
Project("{FAE04EC0-301F-11D3-BF4B-00C04F79EFBC}") = "Web", "src\Web\Web.csproj", "{42238BEA-B550-4A30-8C0E-4BF53ED0C2F9}"
EndProject
Project("{FAE04EC0-301F-11D3-BF4B-00C04F79EFBC}") = "Web.Test", "test\Web.Test\Web.Test.csproj", "{A41954CF-2B45-4D3C-971D-85480712494E}"
EndProject
Project("{2150E333-8FDC-42A3-9474-1A3956D46DE8}") = "src", "src", "{FC8CA5C4-FA7A-4B6F-AF83-248ACA806F59}"
EndProject
Project("{2150E333-8FDC-42A3-9474-1A3956D46DE8}") = "test", "test", "{CFEA722E-0313-441B-9DF1-7577E4B31D77}"
EndProject
Global
	GlobalSection(SolutionConfigurationPlatforms) = preSolution
		Debug|Any CPU = Debug|Any CPU
		Release|Any CPU = Release|Any CPU
	EndGlobalSection
	GlobalSection(ProjectConfigurationPlatforms) = postSolution
		{110B6EC5-7C8B-434F-A85E-90486998BB11}.Debug|Any CPU.ActiveCfg = Debug|Any CPU
		{110B6EC5-7C8B-434F-A85E-90486998BB11}.Debug|Any CPU.Build.0 = Debug|Any CPU
		{110B6EC5-7C8B-434F-A85E-90486998BB11}.Release|Any CPU.ActiveCfg = Release|Any CPU
		{110B6EC5-7C8B-434F-A85E-90486998BB11}.Release|Any CPU.Build.0 = Release|Any CPU
		{75421D47-2EF4-46FA-B6AE-6F3D4E1F1D71}.Debug|Any CPU.ActiveCfg = Debug|Any CPU
		{75421D47-2EF4-46FA-B6AE-6F3D4E1F1D71}.Debug|Any CPU.Build.0 = Debug|Any CPU
		{75421D47-2EF4-46FA-B6AE-6F3D4E1F1D71}.Release|Any CPU.ActiveCfg = Release|Any CPU
		{75421D47-2EF4-46FA-B6AE-6F3D4E1F1D71}.Release|Any CPU.Build.0 = Release|Any CPU
		{42238BEA-B550-4A30-8C0E-4BF53ED0C2F9}.Debug|Any CPU.ActiveCfg = Debug|Any CPU
		{42238BEA-B550-4A30-8C0E-4BF53ED0C2F9}.Debug|Any CPU.Build.0 = Debug|Any CPU
		{42238BEA-B550-4A30-8C0E-4BF53ED0C2F9}.Release|Any CPU.ActiveCfg = Release|Any CPU
		{42238BEA-B550-4A30-8C0E-4BF53ED0C2F9}.Release|Any CPU.Build.0 = Release|Any CPU
		{A41954CF-2B45-4D3C-971D-85480712494E}.Debug|Any CPU.ActiveCfg = Debug|Any CPU
		{A41954CF-2B45-4D3C-971D-85480712494E}.Debug|Any CPU.Build.0 = Debug|Any CPU
		{A41954CF-2B45-4D3C-971D-85480712494E}.Release|Any CPU.ActiveCfg = Release|Any CPU
		{A41954CF-2B45-4D3C-971D-85480712494E}.Release|Any CPU.Build.0 = Release|Any CPU
	EndGlobalSection
	GlobalSection(NestedProjects) = preSolution
		{42238BEA-B550-4A30-8C0E-4BF53ED0C2F9} = {FC8CA5C4-FA7A-4B6F-AF83-248ACA806F59}
		{110B6EC5-7C8B-434F-A85E-90486998BB11} = {FC8CA5C4-FA7A-4B6F-AF83-248ACA806F59}
		{A41954CF-2B45-4D3C-971D-85480712494E} = {CFEA722E-0313-441B-9DF1-7577E4B31D77}
		{75421D47-2EF4-46FA-B6AE-6F3D4E1F1D71} = {CFEA722E-0313-441B-9DF1-7577E4B31D77}
	EndGlobalSection
EndGlobal
